{
  "name": "Sketchcleaner",
  "version": "1.0.0",
  "lockfileVersion": 2,
  "requires": true,
  "packages": {
    "": {
      "name": "Sketchcleaner",
      "version": "1.0.0",
      "dependencies": {
        "@figlets/helpers": "^0.0.0-alpha.9",
        "@figma/plugin-typings": "^1.37.0"
      }
    },
    "node_modules/@figlets/helpers": {
      "version": "0.0.0-alpha.9",
      "resolved": "https://registry.npmjs.org/@figlets/helpers/-/helpers-0.0.0-alpha.9.tgz",
      "integrity": "sha512-H08u/wyOGHAnLNPHq+73n6QW2y8DZZJm8Nipk4iyx1wWi1bUz7VTvQt/VOrx9rG7fxnH2YiqDv/C8mLW4fmx6w=="
    },
    "node_modules/@figma/plugin-typings": {
      "version": "1.37.0",
      "resolved": "https://registry.npmjs.org/@figma/plugin-typings/-/plugin-typings-1.37.0.tgz",
      "integrity": "sha512-PfZWzRazevtDp6nfaypxS7jfkbLATTM6dLi0tIJiDvd27vYhX3wBiW1AeTqxtxjBdYY2QV1T34IJYjrOybr5wg=="
    }
  },
  "dependencies": {
    "@figlets/helpers": {
      "version": "0.0.0-alpha.9",
      "resolved": "https://registry.npmjs.org/@figlets/helpers/-/helpers-0.0.0-alpha.9.tgz",
      "integrity": "sha512-H08u/wyOGHAnLNPHq+73n6QW2y8DZZJm8Nipk4iyx1wWi1bUz7VTvQt/VOrx9rG7fxnH2YiqDv/C8mLW4fmx6w=="
    },
    "@figma/plugin-typings": {
      "version": "1.37.0",
      "resolved": "https://registry.npmjs.org/@figma/plugin-typings/-/plugin-typings-1.37.0.tgz",
      "integrity": "sha512-PfZWzRazevtDp6nfaypxS7jfkbLATTM6dLi0tIJiDvd27vYhX3wBiW1AeTqxtxjBdYY2QV1T34IJYjrOybr5wg=="
    }
  }
}
